
Microsoft Visual Studio Solution File, Format Version 12.00
# Visual Studio Version 17
VisualStudioVersion = 17.8.34316.72
MinimumVisualStudioVersion = 10.0.40219.1
Project("{9A19103F-16F7-4668-BE54-9A1E7A4F7556}") = "Workaround", "Workaround\Workaround.csproj", "{2AFA1BEB-539C-4B98-B790-518CDFA5CD4B}"
EndProject
Project("{FAE04EC0-301F-11D3-BF4B-00C04F79EFBC}") = "Entities", "Entities\Entities.csproj", "{7ECA4A0B-0CEB-4D66-98F6-B79D6E7F382E}"
EndProject
Project("{FAE04EC0-301F-11D3-BF4B-00C04F79EFBC}") = "Business", "Business\Business.csproj", "{5CA52C3A-ABDB-4385-A1F2-84711550C717}"
EndProject
Global
	GlobalSection(SolutionConfigurationPlatforms) = preSolution
		Debug|Any CPU = Debug|Any CPU
		Release|Any CPU = Release|Any CPU
	EndGlobalSection
	GlobalSection(ProjectConfigurationPlatforms) = postSolution
		{2AFA1BEB-539C-4B98-B790-518CDFA5CD4B}.Debug|Any CPU.ActiveCfg = Debug|Any CPU
		{2AFA1BEB-539C-4B98-B790-518CDFA5CD4B}.Debug|Any CPU.Build.0 = Debug|Any CPU
		{2AFA1BEB-539C-4B98-B790-518CDFA5CD4B}.Release|Any CPU.ActiveCfg = Release|Any CPU
		{2AFA1BEB-539C-4B98-B790-518CDFA5CD4B}.Release|Any CPU.Build.0 = Release|Any CPU
		{7ECA4A0B-0CEB-4D66-98F6-B79D6E7F382E}.Debug|Any CPU.ActiveCfg = Debug|Any CPU
		{7ECA4A0B-0CEB-4D66-98F6-B79D6E7F382E}.Debug|Any CPU.Build.0 = Debug|Any CPU
		{7ECA4A0B-0CEB-4D66-98F6-B79D6E7F382E}.Release|Any CPU.ActiveCfg = Release|Any CPU
		{7ECA4A0B-0CEB-4D66-98F6-B79D6E7F382E}.Release|Any CPU.Build.0 = Release|Any CPU
		{5CA52C3A-ABDB-4385-A1F2-84711550C717}.Debug|Any CPU.ActiveCfg = Debug|Any CPU
		{5CA52C3A-ABDB-4385-A1F2-84711550C717}.Debug|Any CPU.Build.0 = Debug|Any CPU
		{5CA52C3A-ABDB-4385-A1F2-84711550C717}.Release|Any CPU.ActiveCfg = Release|Any CPU
		{5CA52C3A-ABDB-4385-A1F2-84711550C717}.Release|Any CPU.Build.0 = Release|Any CPU
	EndGlobalSection
	GlobalSection(SolutionProperties) = preSolution
		HideSolutionNode = FALSE
	EndGlobalSection
	GlobalSection(ExtensibilityGlobals) = postSolution
		SolutionGuid = {0F20B139-B4BD-440B-A617-257987F58A61}
	EndGlobalSection
EndGlobal
